// !$*UTF8*$!
{
	archiveVersion = 1;
	classes = {
	};
	objectVersion = 46;
	objects = {

/* Begin PBXBuildFile section */
		F70851D61DED18B000D94CA2 /* AppDelegate.swift in Sources */ = {isa = PBXBuildFile; fileRef = F70851D51DED18B000D94CA2 /* AppDelegate.swift */; };
		F70851D81DED18B000D94CA2 /* ViewController.swift in Sources */ = {isa = PBXBuildFile; fileRef = F70851D71DED18B000D94CA2 /* ViewController.swift */; };
		F70851DB1DED18B000D94CA2 /* Main.storyboard in Resources */ = {isa = PBXBuildFile; fileRef = F70851D91DED18B000D94CA2 /* Main.storyboard */; };
		F70851DD1DED18B000D94CA2 /* Assets.xcassets in Resources */ = {isa = PBXBuildFile; fileRef = F70851DC1DED18B000D94CA2 /* Assets.xcassets */; };
		F70851E01DED18B000D94CA2 /* LaunchScreen.storyboard in Resources */ = {isa = PBXBuildFile; fileRef = F70851DE1DED18B000D94CA2 /* LaunchScreen.storyboard */; };
		F7C098781DEDFD1D00E25CCE /* sample_logo.json in Resources */ = {isa = PBXBuildFile; fileRef = F7C098771DEDFD1D00E25CCE /* sample_logo.json */; };
		F7C0987E1DEDFE6900E25CCE /* keyframes.framework in Frameworks */ = {isa = PBXBuildFile; fileRef = F7C098691DEDF45D00E25CCE /* keyframes.framework */; };
		F7C0987F1DEDFE6900E25CCE /* keyframes.framework in Embed Frameworks */ = {isa = PBXBuildFile; fileRef = F7C098691DEDF45D00E25CCE /* keyframes.framework */; settings = {ATTRIBUTES = (CodeSignOnCopy, RemoveHeadersOnCopy, ); }; };
		F7C098AC1DEF72AA00E25CCE /* keyframes.json in Resources */ = {isa = PBXBuildFile; fileRef = F7C098AB1DEF72AA00E25CCE /* keyframes.json */; };
		F7C098B21DEFB65D00E25CCE /* KFVectorExtractor.swift in Sources */ = {isa = PBXBuildFile; fileRef = F7C098B11DEFB65D00E25CCE /* KFVectorExtractor.swift */; };
/* End PBXBuildFile section */

/* Begin PBXContainerItemProxy section */
		F7C098681DEDF45D00E25CCE /* PBXContainerItemProxy */ = {
			isa = PBXContainerItemProxy;
			containerPortal = F7C098161DEDF45D00E25CCE /* keyframes.xcodeproj */;
			proxyType = 2;
			remoteGlobalIDString = ADBA24B01D2C3C9400D2549E;
			remoteInfo = keyframes;
		};
		F7C0986A1DEDF45D00E25CCE /* PBXContainerItemProxy */ = {
			isa = PBXContainerItemProxy;
			containerPortal = F7C098161DEDF45D00E25CCE /* keyframes.xcodeproj */;
			proxyType = 2;
			remoteGlobalIDString = AD46D2FB1D3041AD0008AF78;
			remoteInfo = keyframesTests;
		};
		F7C0987B1DEDFE4E00E25CCE /* PBXContainerItemProxy */ = {
			isa = PBXContainerItemProxy;
			containerPortal = F7C098161DEDF45D00E25CCE /* keyframes.xcodeproj */;
			proxyType = 1;
			remoteGlobalIDString = ADBA24AF1D2C3C9400D2549E;
			remoteInfo = keyframes;
		};
		F7C098801DEDFE6900E25CCE /* PBXContainerItemProxy */ = {
			isa = PBXContainerItemProxy;
			containerPortal = F7C098161DEDF45D00E25CCE /* keyframes.xcodeproj */;
			proxyType = 1;
			remoteGlobalIDString = ADBA24AF1D2C3C9400D2549E;
			remoteInfo = keyframes;
		};
/* End PBXContainerItemProxy section */

/* Begin PBXCopyFilesBuildPhase section */
		F7C098821DEDFE6A00E25CCE /* Embed Frameworks */ = {
			isa = PBXCopyFilesBuildPhase;
			buildActionMask = 2147483647;
			dstPath = "";
			dstSubfolderSpec = 10;
			files = (
				F7C0987F1DEDFE6900E25CCE /* keyframes.framework in Embed Frameworks */,
			);
			name = "Embed Frameworks";
			runOnlyForDeploymentPostprocessing = 0;
		};
/* End PBXCopyFilesBuildPhase section */

/* Begin PBXFileReference section */
		F70851D21DED18B000D94CA2 /* Anim-Keyframes.app */ = {isa = PBXFileReference; explicitFileType = wrapper.application; includeInIndex = 0; path = "Anim-Keyframes.app"; sourceTree = BUILT_PRODUCTS_DIR; };
		F70851D51DED18B000D94CA2 /* AppDelegate.swift */ = {isa = PBXFileReference; lastKnownFileType = sourcecode.swift; path = AppDelegate.swift; sourceTree = "<group>"; };
		F70851D71DED18B000D94CA2 /* ViewController.swift */ = {isa = PBXFileReference; lastKnownFileType = sourcecode.swift; path = ViewController.swift; sourceTree = "<group>"; };
		F70851DA1DED18B000D94CA2 /* Base */ = {isa = PBXFileReference; lastKnownFileType = file.storyboard; name = Base; path = Base.lproj/Main.storyboard; sourceTree = "<group>"; };
		F70851DC1DED18B000D94CA2 /* Assets.xcassets */ = {isa = PBXFileReference; lastKnownFileType = folder.assetcatalog; path = Assets.xcassets; sourceTree = "<group>"; };
		F70851DF1DED18B000D94CA2 /* Base */ = {isa = PBXFileReference; lastKnownFileType = file.storyboard; name = Base; path = Base.lproj/LaunchScreen.storyboard; sourceTree = "<group>"; };
		F70851E11DED18B000D94CA2 /* Info.plist */ = {isa = PBXFileReference; lastKnownFileType = text.plist.xml; path = Info.plist; sourceTree = "<group>"; };
		F7C098161DEDF45D00E25CCE /* keyframes.xcodeproj */ = {isa = PBXFileReference; lastKnownFileType = "wrapper.pb-project"; path = keyframes.xcodeproj; sourceTree = "<group>"; };
		F7C098731DEDFBF700E25CCE /* anim-keyframe-bridging-header.h */ = {isa = PBXFileReference; fileEncoding = 4; lastKnownFileType = sourcecode.c.h; path = "anim-keyframe-bridging-header.h"; sourceTree = "<group>"; };
		F7C098771DEDFD1D00E25CCE /* sample_logo.json */ = {isa = PBXFileReference; fileEncoding = 4; lastKnownFileType = text.json; path = sample_logo.json; sourceTree = "<group>"; };
		F7C098AB1DEF72AA00E25CCE /* keyframes.json */ = {isa = PBXFileReference; fileEncoding = 4; lastKnownFileType = text.json; path = keyframes.json; sourceTree = "<group>"; };
		F7C098B11DEFB65D00E25CCE /* KFVectorExtractor.swift */ = {isa = PBXFileReference; fileEncoding = 4; lastKnownFileType = sourcecode.swift; path = KFVectorExtractor.swift; sourceTree = "<group>"; };
/* End PBXFileReference section */

/* Begin PBXFrameworksBuildPhase section */
		F70851CF1DED18B000D94CA2 /* Frameworks */ = {
			isa = PBXFrameworksBuildPhase;
			buildActionMask = 2147483647;
			files = (
				F7C0987E1DEDFE6900E25CCE /* keyframes.framework in Frameworks */,
			);
			runOnlyForDeploymentPostprocessing = 0;
		};
/* End PBXFrameworksBuildPhase section */

/* Begin PBXGroup section */
		F70851C91DED18B000D94CA2 = {
			isa = PBXGroup;
			children = (
				F7C098161DEDF45D00E25CCE /* keyframes.xcodeproj */,
				F70851D41DED18B000D94CA2 /* Anim-Keyframes */,
				F70851D31DED18B000D94CA2 /* Products */,
			);
			sourceTree = "<group>";
		};
		F70851D31DED18B000D94CA2 /* Products */ = {
			isa = PBXGroup;
			children = (
				F70851D21DED18B000D94CA2 /* Anim-Keyframes.app */,
			);
			name = Products;
			sourceTree = "<group>";
		};
		F70851D41DED18B000D94CA2 /* Anim-Keyframes */ = {
			isa = PBXGroup;
			children = (
				F70851D51DED18B000D94CA2 /* AppDelegate.swift */,
				F70851D71DED18B000D94CA2 /* ViewController.swift */,
				F756E1401DF0D184002889A6 /* Classes */,
				F70851D91DED18B000D94CA2 /* Main.storyboard */,
				F70851DC1DED18B000D94CA2 /* Assets.xcassets */,
				F70851DE1DED18B000D94CA2 /* LaunchScreen.storyboard */,
				F70851E11DED18B000D94CA2 /* Info.plist */,
				F7C0986E1DEDF70B00E25CCE /* Supporting Files */,
			);
			path = "Anim-Keyframes";
			sourceTree = "<group>";
		};
		F756E1401DF0D184002889A6 /* Classes */ = {
			isa = PBXGroup;
			children = (
				F7C098B11DEFB65D00E25CCE /* KFVectorExtractor.swift */,
			);
			name = Classes;
			sourceTree = "<group>";
		};
		F7C098171DEDF45D00E25CCE /* Products */ = {
			isa = PBXGroup;
			children = (
				F7C098691DEDF45D00E25CCE /* keyframes.framework */,
				F7C0986B1DEDF45D00E25CCE /* keyframesTests.xctest */,
			);
			name = Products;
			sourceTree = "<group>";
		};
		F7C0986E1DEDF70B00E25CCE /* Supporting Files */ = {
			isa = PBXGroup;
			children = (
				F7C098731DEDFBF700E25CCE /* anim-keyframe-bridging-header.h */,
				F7C098771DEDFD1D00E25CCE /* sample_logo.json */,
				F7C098AB1DEF72AA00E25CCE /* keyframes.json */,
			);
			name = "Supporting Files";
			sourceTree = "<group>";
		};
/* End PBXGroup section */

/* Begin PBXNativeTarget section */
		F70851D11DED18B000D94CA2 /* Anim-Keyframes */ = {
			isa = PBXNativeTarget;
			buildConfigurationList = F70851E41DED18B000D94CA2 /* Build configuration list for PBXNativeTarget "Anim-Keyframes" */;
			buildPhases = (
				F70851CE1DED18B000D94CA2 /* Sources */,
				F70851CF1DED18B000D94CA2 /* Frameworks */,
				F70851D01DED18B000D94CA2 /* Resources */,
				F7C098821DEDFE6A00E25CCE /* Embed Frameworks */,
			);
			buildRules = (
			);
			dependencies = (
				F7C0987C1DEDFE4E00E25CCE /* PBXTargetDependency */,
				F7C098811DEDFE6900E25CCE /* PBXTargetDependency */,
			);
			name = "Anim-Keyframes";
			productName = "Anim-Keyframes";
			productReference = F70851D21DED18B000D94CA2 /* Anim-Keyframes.app */;
			productType = "com.apple.product-type.application";
		};
/* End PBXNativeTarget section */

/* Begin PBXProject section */
		F70851CA1DED18B000D94CA2 /* Project object */ = {
			isa = PBXProject;
			attributes = {
				LastSwiftUpdateCheck = 0810;
				LastUpgradeCheck = 0810;
				ORGANIZATIONNAME = "Mark Jeschke";
				TargetAttributes = {
					F70851D11DED18B000D94CA2 = {
						CreatedOnToolsVersion = 8.1;
						DevelopmentTeam = JZRGG2W4BA;
						ProvisioningStyle = Automatic;
					};
				};
			};
			buildConfigurationList = F70851CD1DED18B000D94CA2 /* Build configuration list for PBXProject "Anim-Keyframes" */;
			compatibilityVersion = "Xcode 3.2";
			developmentRegion = English;
			hasScannedForEncodings = 0;
			knownRegions = (
				en,
				Base,
			);
			mainGroup = F70851C91DED18B000D94CA2;
			productRefGroup = F70851D31DED18B000D94CA2 /* Products */;
			projectDirPath = "";
			projectReferences = (
				{
					ProductGroup = F7C098171DEDF45D00E25CCE /* Products */;
					ProjectRef = F7C098161DEDF45D00E25CCE /* keyframes.xcodeproj */;
				},
			);
			projectRoot = "";
			targets = (
				F70851D11DED18B000D94CA2 /* Anim-Keyframes */,
			);
		};
/* End PBXProject section */

/* Begin PBXReferenceProxy section */
		F7C098691DEDF45D00E25CCE /* keyframes.framework */ = {
			isa = PBXReferenceProxy;
			fileType = wrapper.framework;
			path = keyframes.framework;
			remoteRef = F7C098681DEDF45D00E25CCE /* PBXContainerItemProxy */;
			sourceTree = BUILT_PRODUCTS_DIR;
		};
		F7C0986B1DEDF45D00E25CCE /* keyframesTests.xctest */ = {
			isa = PBXReferenceProxy;
			fileType = wrapper.cfbundle;
			path = keyframesTests.xctest;
			remoteRef = F7C0986A1DEDF45D00E25CCE /* PBXContainerItemProxy */;
			sourceTree = BUILT_PRODUCTS_DIR;
		};
/* End PBXReferenceProxy section */

/* Begin PBXResourcesBuildPhase section */
		F70851D01DED18B000D94CA2 /* Resources */ = {
			isa = PBXResourcesBuildPhase;
			buildActionMask = 2147483647;
			files = (
				F70851E01DED18B000D94CA2 /* LaunchScreen.storyboard in Resources */,
				F7C098AC1DEF72AA00E25CCE /* keyframes.json in Resources */,
				F70851DD1DED18B000D94CA2 /* Assets.xcassets in Resources */,
				F7C098781DEDFD1D00E25CCE /* sample_logo.json in Resources */,
				F70851DB1DED18B000D94CA2 /* Main.storyboard in Resources */,
			);
			runOnlyForDeploymentPostprocessing = 0;
		};
/* End PBXResourcesBuildPhase section */

/* Begin PBXSourcesBuildPhase section */
		F70851CE1DED18B000D94CA2 /* Sources */ = {
			isa = PBXSourcesBuildPhase;
			buildActionMask = 2147483647;
			files = (
				F70851D81DED18B000D94CA2 /* ViewController.swift in Sources */,
				F70851D61DED18B000D94CA2 /* AppDelegate.swift in Sources */,
				F7C098B21DEFB65D00E25CCE /* KFVectorExtractor.swift in Sources */,
			);
			runOnlyForDeploymentPostprocessing = 0;
		};
/* End PBXSourcesBuildPhase section */

/* Begin PBXTargetDependency section */
		F7C0987C1DEDFE4E00E25CCE /* PBXTargetDependency */ = {
			isa = PBXTargetDependency;
			name = keyframes;
			targetProxy = F7C0987B1DEDFE4E00E25CCE /* PBXContainerItemProxy */;
		};
		F7C098811DEDFE6900E25CCE /* PBXTargetDependency */ = {
			isa = PBXTargetDependency;
			name = keyframes;
			targetProxy = F7C098801DEDFE6900E25CCE /* PBXContainerItemProxy */;
		};
/* End PBXTargetDependency section */

/* Begin PBXVariantGroup section */
		F70851D91DED18B000D94CA2 /* Main.storyboard */ = {
			isa = PBXVariantGroup;
			children = (
				F70851DA1DED18B000D94CA2 /* Base */,
			);
			name = Main.storyboard;
			sourceTree = "<group>";
		};
		F70851DE1DED18B000D94CA2 /* LaunchScreen.storyboard */ = {
			isa = PBXVariantGroup;
			children = (
				F70851DF1DED18B000D94CA2 /* Base */,
			);
			name = LaunchScreen.storyboard;
			sourceTree = "<group>";
		};
/* End PBXVariantGroup section */

/* Begin XCBuildConfiguration section */
		F70851E21DED18B000D94CA2 /* Debug */ = {
			isa = XCBuildConfiguration;
			buildSettings = {
				ALWAYS_SEARCH_USER_PATHS = NO;
				CLANG_ANALYZER_NONNULL = YES;
				CLANG_CXX_LANGUAGE_STANDARD = "gnu++0x";
				CLANG_CXX_LIBRARY = "libc++";
				CLANG_ENABLE_MODULES = YES;
				CLANG_ENABLE_OBJC_ARC = YES;
				CLANG_WARN_BOOL_CONVERSION = YES;
				CLANG_WARN_CONSTANT_CONVERSION = YES;
				CLANG_WARN_DIRECT_OBJC_ISA_USAGE = YES_ERROR;
				CLANG_WARN_DOCUMENTATION_COMMENTS = YES;
				CLANG_WARN_EMPTY_BODY = YES;
				CLANG_WARN_ENUM_CONVERSION = YES;
				CLANG_WARN_INFINITE_RECURSION = YES;
				CLANG_WARN_INT_CONVERSION = YES;
				CLANG_WARN_OBJC_ROOT_CLASS = YES_ERROR;
				CLANG_WARN_SUSPICIOUS_MOVES = YES;
				CLANG_WARN_UNREACHABLE_CODE = YES;
				CLANG_WARN__DUPLICATE_METHOD_MATCH = YES;
				"CODE_SIGN_IDENTITY[sdk=iphoneos*]" = "iPhone Developer";
				COPY_PHASE_STRIP = NO;
				DEBUG_INFORMATION_FORMAT = dwarf;
				ENABLE_STRICT_OBJC_MSGSEND = YES;
				ENABLE_TESTABILITY = YES;
				GCC_C_LANGUAGE_STANDARD = gnu99;
				GCC_DYNAMIC_NO_PIC = NO;
				GCC_NO_COMMON_BLOCKS = YES;
				GCC_OPTIMIZATION_LEVEL = 0;
				GCC_PREPROCESSOR_DEFINITIONS = (
					"DEBUG=1",
					"$(inherited)",
				);
				GCC_WARN_64_TO_32_BIT_CONVERSION = YES;
				GCC_WARN_ABOUT_RETURN_TYPE = YES_ERROR;
				GCC_WARN_UNDECLARED_SELECTOR = YES;
				GCC_WARN_UNINITIALIZED_AUTOS = YES_AGGRESSIVE;
				GCC_WARN_UNUSED_FUNCTION = YES;
				GCC_WARN_UNUSED_VARIABLE = YES;
				IPHONEOS_DEPLOYMENT_TARGET = 10.1;
				MTL_ENABLE_DEBUG_INFO = YES;
				ONLY_ACTIVE_ARCH = YES;
				SDKROOT = iphoneos;
				SWIFT_ACTIVE_COMPILATION_CONDITIONS = DEBUG;
				SWIFT_OBJC_BRIDGING_HEADER = "keyframes-bridging-header.h";
				SWIFT_OPTIMIZATION_LEVEL = "-Onone";
			};
			name = Debug;
		};
		F70851E31DED18B000D94CA2 /* Release */ = {
			isa = XCBuildConfiguration;
			buildSettings = {
				ALWAYS_SEARCH_USER_PATHS = NO;
				CLANG_ANALYZER_NONNULL = YES;
				CLANG_CXX_LANGUAGE_STANDARD = "gnu++0x";
				CLANG_CXX_LIBRARY = "libc++";
				CLANG_ENABLE_MODULES = YES;
				CLANG_ENABLE_OBJC_ARC = YES;
				CLANG_WARN_BOOL_CONVERSION = YES;
				CLANG_WARN_CONSTANT_CONVERSION = YES;
				CLANG_WARN_DIRECT_OBJC_ISA_USAGE = YES_ERROR;
				CLANG_WARN_DOCUMENTATION_COMMENTS = YES;
				CLANG_WARN_EMPTY_BODY = YES;
				CLANG_WARN_ENUM_CONVERSION = YES;
				CLANG_WARN_INFINITE_RECURSION = YES;
				CLANG_WARN_INT_CONVERSION = YES;
				CLANG_WARN_OBJC_ROOT_CLASS = YES_ERROR;
				CLANG_WARN_SUSPICIOUS_MOVES = YES;
				CLANG_WARN_UNREACHABLE_CODE = YES;
				CLANG_WARN__DUPLICATE_METHOD_MATCH = YES;
				"CODE_SIGN_IDENTITY[sdk=iphoneos*]" = "iPhone Developer";
				COPY_PHASE_STRIP = NO;
				DEBUG_INFORMATION_FORMAT = "dwarf-with-dsym";
				ENABLE_NS_ASSERTIONS = NO;
				ENABLE_STRICT_OBJC_MSGSEND = YES;
				GCC_C_LANGUAGE_STANDARD = gnu99;
				GCC_NO_COMMON_BLOCKS = YES;
				GCC_WARN_64_TO_32_BIT_CONVERSION = YES;
				GCC_WARN_ABOUT_RETURN_TYPE = YES_ERROR;
				GCC_WARN_UNDECLARED_SELECTOR = YES;
				GCC_WARN_UNINITIALIZED_AUTOS = YES_AGGRESSIVE;
				GCC_WARN_UNUSED_FUNCTION = YES;
				GCC_WARN_UNUSED_VARIABLE = YES;
				IPHONEOS_DEPLOYMENT_TARGET = 10.1;
				MTL_ENABLE_DEBUG_INFO = NO;
				SDKROOT = iphoneos;
				SWIFT_OBJC_BRIDGING_HEADER = "keyframes-bridging-header.h";
				SWIFT_OPTIMIZATION_LEVEL = "-Owholemodule";
				VALIDATE_PRODUCT = YES;
			};
			name = Release;
		};
		F70851E51DED18B000D94CA2 /* Debug */ = {
			isa = XCBuildConfiguration;
			buildSettings = {
				ASSETCATALOG_COMPILER_APPICON_NAME = AppIcon;
				DEVELOPMENT_TEAM = JZRGG2W4BA;
				INFOPLIST_FILE = "Anim-Keyframes/Info.plist";
				IPHONEOS_DEPLOYMENT_TARGET = 9.3;
				LD_RUNPATH_SEARCH_PATHS = "$(inherited) @executable_path/Frameworks";
				PRODUCT_BUNDLE_IDENTIFIER = "com.snagajob.Anim-Keyframes";
				PRODUCT_NAME = "$(TARGET_NAME)";
				SWIFT_OBJC_BRIDGING_HEADER = "Anim-Keyframes/anim-keyframe-bridging-header.h";
				SWIFT_VERSION = 3.0;
			};
			name = Debug;
		};
		F70851E61DED18B000D94CA2 /* Release */ = {
			isa = XCBuildConfiguration;
			buildSettings = {
				ASSETCATALOG_COMPILER_APPICON_NAME = AppIcon;
				DEVELOPMENT_TEAM = JZRGG2W4BA;
				INFOPLIST_FILE = "Anim-Keyframes/Info.plist";
				IPHONEOS_DEPLOYMENT_TARGET = 9.3;
				LD_RUNPATH_SEARCH_PATHS = "$(inherited) @executable_path/Frameworks";
				PRODUCT_BUNDLE_IDENTIFIER = "com.snagajob.Anim-Keyframes";
				PRODUCT_NAME = "$(TARGET_NAME)";
				SWIFT_OBJC_BRIDGING_HEADER = "Anim-Keyframes/anim-keyframe-bridging-header.h";
				SWIFT_VERSION = 3.0;
			};
			name = Release;
		};
/* End XCBuildConfiguration section */

/* Begin XCConfigurationList section */
		F70851CD1DED18B000D94CA2 /* Build configuration list for PBXProject "Anim-Keyframes" */ = {
			isa = XCConfigurationList;
			buildConfigurations = (
				F70851E21DED18B000D94CA2 /* Debug */,
				F70851E31DED18B000D94CA2 /* Release */,
			);
			defaultConfigurationIsVisible = 0;
			defaultConfigurationName = Release;
		};
		F70851E41DED18B000D94CA2 /* Build configuration list for PBXNativeTarget "Anim-Keyframes" */ = {
			isa = XCConfigurationList;
			buildConfigurations = (
				F70851E51DED18B000D94CA2 /* Debug */,
				F70851E61DED18B000D94CA2 /* Release */,
			);
			defaultConfigurationIsVisible = 0;
			defaultConfigurationName = Release;
		};
/* End XCConfigurationList section */
	};
	rootObject = F70851CA1DED18B000D94CA2 /* Project object */;
}
